{
  "name": "protobuf",
  "lockfileVersion": 3,
  "requires": true,
  "packages": {
    "": {
      "dependencies": {
        "@protobuf-ts/runtime": "^2.9.6"
      },
      "devDependencies": {
        "@protobuf-ts/plugin": "^2.9.6"
      }
    },
    "node_modules/@protobuf-ts/plugin": {
      "version": "2.9.6",
      "resolved": "https://registry.npmjs.org/@protobuf-ts/plugin/-/plugin-2.9.6.tgz",
      "integrity": "sha512-Wpv5rkXeu6E5Y4r0TjWE0bzRGddiTYl/RM+tLgVlS0r8CqOBqNAmlWv+s8ltf/F75rVrahUal0cpyhFwha9GRA==",
      "dev": true,
      "license": "Apache-2.0",
      "dependencies": {
        "@protobuf-ts/plugin-framework": "^2.9.6",
        "@protobuf-ts/protoc": "^2.9.6",
        "@protobuf-ts/runtime": "^2.9.6",
        "@protobuf-ts/runtime-rpc": "^2.9.6",
        "typescript": "^3.9"
      },
      "bin": {
        "protoc-gen-dump": "bin/protoc-gen-dump",
        "protoc-gen-ts": "bin/protoc-gen-ts"
      }
    },
    "node_modules/@protobuf-ts/plugin-framework": {
      "version": "2.9.6",
      "resolved": "https://registry.npmjs.org/@protobuf-ts/plugin-framework/-/plugin-framework-2.9.6.tgz",
      "integrity": "sha512-w7A1RXrDCiVzcaRE6YJP7FCARuAFe/Vc4SNQnHAi4CF0V6mEtyjAYEIC5BNYgIRaJEqB26zzsBQjIem3R02SCA==",
      "dev": true,
      "license": "(Apache-2.0 AND BSD-3-Clause)",
      "dependencies": {
        "@protobuf-ts/runtime": "^2.9.6",
        "typescript": "^3.9"
      }
    },
    "node_modules/@protobuf-ts/protoc": {
      "version": "2.9.6",
      "resolved": "https://registry.npmjs.org/@protobuf-ts/protoc/-/protoc-2.9.6.tgz",
      "integrity": "sha512-c0XvAPDIBAovH9HxV8gBv8gzOTreQIqibcusrB1+DxvFiSvy+2V1tjbUmG5gJEbjk3aAOaoj0a3+QuE+P28xUw==",
      "dev": true,
      "license": "Apache-2.0",
      "bin": {
        "protoc": "protoc.js"
      }
    },
    "node_modules/@protobuf-ts/runtime": {
      "version": "2.9.6",
      "resolved": "https://registry.npmjs.org/@protobuf-ts/runtime/-/runtime-2.9.6.tgz",
      "integrity": "sha512-C0CfpKx4n4LBbUrajOdRj2BTbd3qBoK0SiKWLq7RgCoU6xiN4wesBMFHUOBp3fFzKeZwgU8Q2KtzaqzIvPLRXg==",
      "license": "(Apache-2.0 AND BSD-3-Clause)"
    },
    "node_modules/@protobuf-ts/runtime-rpc": {
      "version": "2.9.6",
      "resolved": "https://registry.npmjs.org/@protobuf-ts/runtime-rpc/-/runtime-rpc-2.9.6.tgz",
      "integrity": "sha512-0UeqDRzNxgsh08lY5eWzFJNfD3gZ8Xf+WG1HzbIAbVAigzigwjwsYNNhTeas5H3gco1U5owTzCg177aambKOOw==",
      "dev": true,
      "license": "Apache-2.0",
      "dependencies": {
        "@protobuf-ts/runtime": "^2.9.6"
      }
    },
    "node_modules/typescript": {
      "version": "3.9.10",
      "resolved": "https://registry.npmjs.org/typescript/-/typescript-3.9.10.tgz",
      "integrity": "sha512-w6fIxVE/H1PkLKcCPsFqKE7Kv7QUwhU8qQY2MueZXWx5cPZdwFupLgKK3vntcK98BtNHZtAF4LA/yl2a7k8R6Q==",
      "dev": true,
      "license": "Apache-2.0",
      "bin": {
        "tsc": "bin/tsc",
        "tsserver": "bin/tsserver"
      },
      "engines": {
        "node": ">=4.2.0"
      }
    }
  }
}
